
Microsoft Visual Studio Solution File, Format Version 12.00
# Visual Studio Version 17
VisualStudioVersion = 17.10.35122.118
MinimumVisualStudioVersion = 10.0.40219.1
Project("{9A19103F-16F7-4668-BE54-9A1E7A4F7556}") = "01_MyFirstApp", "MyFirstApp\01_MyFirstApp.csproj", "{26519193-1A89-417C-BDC8-E7DD697D47C0}"
EndProject
Project("{9A19103F-16F7-4668-BE54-9A1E7A4F7556}") = "02_In_Out", "02_In_Out\02_In_Out.csproj", "{41EAA9AB-93F7-4069-87B5-09C8F8E4A489}"
EndProject
Project("{9A19103F-16F7-4668-BE54-9A1E7A4F7556}") = "03_logic", "03_logic\03_logic.csproj", "{1B05F7E3-DEE6-4EEA-9D9B-5C20F3F82EFB}"
EndProject
Project("{9A19103F-16F7-4668-BE54-9A1E7A4F7556}") = "04_loops", "04_loops\04_loops.csproj", "{6079A815-6148-43D0-9E40-A63B75892BF3}"
EndProject
Project("{FAE04EC0-301F-11D3-BF4B-00C04F79EFBC}") = "05_rand_game", "05_rand_game\05_rand_game.csproj", "{EF8EB22F-2E41-4FA3-9C39-581ABA584CEB}"
EndProject
Project("{FAE04EC0-301F-11D3-BF4B-00C04F79EFBC}") = "06_arrays", "06_arrays\06_arrays.csproj", "{9B2108B1-EF8D-4F60-B353-27285C4C675E}"
EndProject
Project("{FAE04EC0-301F-11D3-BF4B-00C04F79EFBC}") = "07_puzzle", "07_puzzle\07_puzzle.csproj", "{32E0F6FA-6767-4AC2-82ED-FFD4BCC29EA6}"
EndProject
Project("{FAE04EC0-301F-11D3-BF4B-00C04F79EFBC}") = "8_shake", "8_shake\8_shake.csproj", "{4E352061-4A0B-4F8D-AB70-BAE7AC4CAFAB}"
EndProject
Project("{FAE04EC0-301F-11D3-BF4B-00C04F79EFBC}") = "09_race", "09_race\09_race.csproj", "{23934338-8A76-44C0-9B7A-FE2629A02531}"
EndProject
Project("{FAE04EC0-301F-11D3-BF4B-00C04F79EFBC}") = "10_methods", "10_methods\10_methods.csproj", "{C75861C1-4F1D-4369-9A4E-468F69246627}"
EndProject
Project("{FAE04EC0-301F-11D3-BF4B-00C04F79EFBC}") = "11_oop", "11_oop\11_oop.csproj", "{FE72B142-057E-4E11-ABB2-65062CD64B65}"
EndProject
Project("{FAE04EC0-301F-11D3-BF4B-00C04F79EFBC}") = "12_struct", "12_struct\12_struct.csproj", "{F10FB341-BEAF-4764-A293-2ED496FE16E8}"
EndProject
Global
	GlobalSection(SolutionConfigurationPlatforms) = preSolution
		Debug|Any CPU = Debug|Any CPU
		Release|Any CPU = Release|Any CPU
	EndGlobalSection
	GlobalSection(ProjectConfigurationPlatforms) = postSolution
		{26519193-1A89-417C-BDC8-E7DD697D47C0}.Debug|Any CPU.ActiveCfg = Debug|Any CPU
		{26519193-1A89-417C-BDC8-E7DD697D47C0}.Debug|Any CPU.Build.0 = Debug|Any CPU
		{26519193-1A89-417C-BDC8-E7DD697D47C0}.Release|Any CPU.ActiveCfg = Release|Any CPU
		{26519193-1A89-417C-BDC8-E7DD697D47C0}.Release|Any CPU.Build.0 = Release|Any CPU
		{41EAA9AB-93F7-4069-87B5-09C8F8E4A489}.Debug|Any CPU.ActiveCfg = Debug|Any CPU
		{41EAA9AB-93F7-4069-87B5-09C8F8E4A489}.Debug|Any CPU.Build.0 = Debug|Any CPU
		{41EAA9AB-93F7-4069-87B5-09C8F8E4A489}.Release|Any CPU.ActiveCfg = Release|Any CPU
		{41EAA9AB-93F7-4069-87B5-09C8F8E4A489}.Release|Any CPU.Build.0 = Release|Any CPU
		{1B05F7E3-DEE6-4EEA-9D9B-5C20F3F82EFB}.Debug|Any CPU.ActiveCfg = Debug|Any CPU
		{1B05F7E3-DEE6-4EEA-9D9B-5C20F3F82EFB}.Debug|Any CPU.Build.0 = Debug|Any CPU
		{1B05F7E3-DEE6-4EEA-9D9B-5C20F3F82EFB}.Release|Any CPU.ActiveCfg = Release|Any CPU
		{1B05F7E3-DEE6-4EEA-9D9B-5C20F3F82EFB}.Release|Any CPU.Build.0 = Release|Any CPU
		{6079A815-6148-43D0-9E40-A63B75892BF3}.Debug|Any CPU.ActiveCfg = Debug|Any CPU
		{6079A815-6148-43D0-9E40-A63B75892BF3}.Debug|Any CPU.Build.0 = Debug|Any CPU
		{6079A815-6148-43D0-9E40-A63B75892BF3}.Release|Any CPU.ActiveCfg = Release|Any CPU
		{6079A815-6148-43D0-9E40-A63B75892BF3}.Release|Any CPU.Build.0 = Release|Any CPU
		{EF8EB22F-2E41-4FA3-9C39-581ABA584CEB}.Debug|Any CPU.ActiveCfg = Debug|Any CPU
		{EF8EB22F-2E41-4FA3-9C39-581ABA584CEB}.Debug|Any CPU.Build.0 = Debug|Any CPU
		{EF8EB22F-2E41-4FA3-9C39-581ABA584CEB}.Release|Any CPU.ActiveCfg = Release|Any CPU
		{EF8EB22F-2E41-4FA3-9C39-581ABA584CEB}.Release|Any CPU.Build.0 = Release|Any CPU
		{9B2108B1-EF8D-4F60-B353-27285C4C675E}.Debug|Any CPU.ActiveCfg = Debug|Any CPU
		{9B2108B1-EF8D-4F60-B353-27285C4C675E}.Debug|Any CPU.Build.0 = Debug|Any CPU
		{9B2108B1-EF8D-4F60-B353-27285C4C675E}.Release|Any CPU.ActiveCfg = Release|Any CPU
		{9B2108B1-EF8D-4F60-B353-27285C4C675E}.Release|Any CPU.Build.0 = Release|Any CPU
		{32E0F6FA-6767-4AC2-82ED-FFD4BCC29EA6}.Debug|Any CPU.ActiveCfg = Debug|Any CPU
		{32E0F6FA-6767-4AC2-82ED-FFD4BCC29EA6}.Debug|Any CPU.Build.0 = Debug|Any CPU
		{32E0F6FA-6767-4AC2-82ED-FFD4BCC29EA6}.Release|Any CPU.ActiveCfg = Release|Any CPU
		{32E0F6FA-6767-4AC2-82ED-FFD4BCC29EA6}.Release|Any CPU.Build.0 = Release|Any CPU
		{4E352061-4A0B-4F8D-AB70-BAE7AC4CAFAB}.Debug|Any CPU.ActiveCfg = Debug|Any CPU
		{4E352061-4A0B-4F8D-AB70-BAE7AC4CAFAB}.Debug|Any CPU.Build.0 = Debug|Any CPU
		{4E352061-4A0B-4F8D-AB70-BAE7AC4CAFAB}.Release|Any CPU.ActiveCfg = Release|Any CPU
		{4E352061-4A0B-4F8D-AB70-BAE7AC4CAFAB}.Release|Any CPU.Build.0 = Release|Any CPU
		{23934338-8A76-44C0-9B7A-FE2629A02531}.Debug|Any CPU.ActiveCfg = Debug|Any CPU
		{23934338-8A76-44C0-9B7A-FE2629A02531}.Debug|Any CPU.Build.0 = Debug|Any CPU
		{23934338-8A76-44C0-9B7A-FE2629A02531}.Release|Any CPU.ActiveCfg = Release|Any CPU
		{23934338-8A76-44C0-9B7A-FE2629A02531}.Release|Any CPU.Build.0 = Release|Any CPU
		{C75861C1-4F1D-4369-9A4E-468F69246627}.Debug|Any CPU.ActiveCfg = Debug|Any CPU
		{C75861C1-4F1D-4369-9A4E-468F69246627}.Debug|Any CPU.Build.0 = Debug|Any CPU
		{C75861C1-4F1D-4369-9A4E-468F69246627}.Release|Any CPU.ActiveCfg = Release|Any CPU
		{C75861C1-4F1D-4369-9A4E-468F69246627}.Release|Any CPU.Build.0 = Release|Any CPU
		{FE72B142-057E-4E11-ABB2-65062CD64B65}.Debug|Any CPU.ActiveCfg = Debug|Any CPU
		{FE72B142-057E-4E11-ABB2-65062CD64B65}.Debug|Any CPU.Build.0 = Debug|Any CPU
		{FE72B142-057E-4E11-ABB2-65062CD64B65}.Release|Any CPU.ActiveCfg = Release|Any CPU
		{FE72B142-057E-4E11-ABB2-65062CD64B65}.Release|Any CPU.Build.0 = Release|Any CPU
		{F10FB341-BEAF-4764-A293-2ED496FE16E8}.Debug|Any CPU.ActiveCfg = Debug|Any CPU
		{F10FB341-BEAF-4764-A293-2ED496FE16E8}.Debug|Any CPU.Build.0 = Debug|Any CPU
		{F10FB341-BEAF-4764-A293-2ED496FE16E8}.Release|Any CPU.ActiveCfg = Release|Any CPU
		{F10FB341-BEAF-4764-A293-2ED496FE16E8}.Release|Any CPU.Build.0 = Release|Any CPU
	EndGlobalSection
	GlobalSection(SolutionProperties) = preSolution
		HideSolutionNode = FALSE
	EndGlobalSection
	GlobalSection(ExtensibilityGlobals) = postSolution
		SolutionGuid = {86CB6AD8-2A8F-4F78-AA4B-365B207B692C}
	EndGlobalSection
EndGlobal
